// !$*UTF8*$!
{
	archiveVersion = 1;
	classes = {
	};
	objectVersion = 46;
	objects = {

/* Begin PBXBuildFile section */
		AE71BDEC1A1DFB1D00B3FBFA /* main.m in Sources */ = {isa = PBXBuildFile; fileRef = AE71BDEB1A1DFB1D00B3FBFA /* main.m */; };
		AE71BDEF1A1DFB1D00B3FBFA /* AppDelegate.m in Sources */ = {isa = PBXBuildFile; fileRef = AE71BDEE1A1DFB1D00B3FBFA /* AppDelegate.m */; };
		AE71BDF21A1DFB1D00B3FBFA /* ViewController.m in Sources */ = {isa = PBXBuildFile; fileRef = AE71BDF11A1DFB1D00B3FBFA /* ViewController.m */; };
		AE71BDF51A1DFB1D00B3FBFA /* Main.storyboard in Resources */ = {isa = PBXBuildFile; fileRef = AE71BDF31A1DFB1D00B3FBFA /* Main.storyboard */; };
		AE71BDF71A1DFB1D00B3FBFA /* Images.xcassets in Resources */ = {isa = PBXBuildFile; fileRef = AE71BDF61A1DFB1D00B3FBFA /* Images.xcassets */; };
		AE71BDFA1A1DFB1D00B3FBFA /* LaunchScreen.xib in Resources */ = {isa = PBXBuildFile; fileRef = AE71BDF81A1DFB1D00B3FBFA /* LaunchScreen.xib */; };
		AE71BE061A1DFB1D00B3FBFA /* QueryCodeObjectiveTests.m in Sources */ = {isa = PBXBuildFile; fileRef = AE71BE051A1DFB1D00B3FBFA /* QueryCodeObjectiveTests.m */; };
/* End PBXBuildFile section */

/* Begin PBXContainerItemProxy section */
		AE71BE001A1DFB1D00B3FBFA /* PBXContainerItemProxy */ = {
			isa = PBXContainerItemProxy;
			containerPortal = AE71BDDE1A1DFB1D00B3FBFA /* Project object */;
			proxyType = 1;
			remoteGlobalIDString = AE71BDE51A1DFB1D00B3FBFA;
			remoteInfo = QueryCodeObjective;
		};
/* End PBXContainerItemProxy section */

/* Begin PBXFileReference section */
		AE71BDE61A1DFB1D00B3FBFA /* QueryCodeObjective.app */ = {isa = PBXFileReference; explicitFileType = wrapper.application; includeInIndex = 0; path = QueryCodeObjective.app; sourceTree = BUILT_PRODUCTS_DIR; };
		AE71BDEA1A1DFB1D00B3FBFA /* Info.plist */ = {isa = PBXFileReference; lastKnownFileType = text.plist.xml; path = Info.plist; sourceTree = "<group>"; };
		AE71BDEB1A1DFB1D00B3FBFA /* main.m */ = {isa = PBXFileReference; lastKnownFileType = sourcecode.c.objc; path = main.m; sourceTree = "<group>"; };
		AE71BDED1A1DFB1D00B3FBFA /* AppDelegate.h */ = {isa = PBXFileReference; lastKnownFileType = sourcecode.c.h; path = AppDelegate.h; sourceTree = "<group>"; };
		AE71BDEE1A1DFB1D00B3FBFA /* AppDelegate.m */ = {isa = PBXFileReference; lastKnownFileType = sourcecode.c.objc; path = AppDelegate.m; sourceTree = "<group>"; };
		AE71BDF01A1DFB1D00B3FBFA /* ViewController.h */ = {isa = PBXFileReference; lastKnownFileType = sourcecode.c.h; path = ViewController.h; sourceTree = "<group>"; };
		AE71BDF11A1DFB1D00B3FBFA /* ViewController.m */ = {isa = PBXFileReference; lastKnownFileType = sourcecode.c.objc; path = ViewController.m; sourceTree = "<group>"; };
		AE71BDF41A1DFB1D00B3FBFA /* Base */ = {isa = PBXFileReference; lastKnownFileType = file.storyboard; name = Base; path = Base.lproj/Main.storyboard; sourceTree = "<group>"; };
		AE71BDF61A1DFB1D00B3FBFA /* Images.xcassets */ = {isa = PBXFileReference; lastKnownFileType = folder.assetcatalog; path = Images.xcassets; sourceTree = "<group>"; };
		AE71BDF91A1DFB1D00B3FBFA /* Base */ = {isa = PBXFileReference; lastKnownFileType = file.xib; name = Base; path = Base.lproj/LaunchScreen.xib; sourceTree = "<group>"; };
		AE71BDFF1A1DFB1D00B3FBFA /* QueryCodeObjectiveTests.xctest */ = {isa = PBXFileReference; explicitFileType = wrapper.cfbundle; includeInIndex = 0; path = QueryCodeObjectiveTests.xctest; sourceTree = BUILT_PRODUCTS_DIR; };
		AE71BE041A1DFB1D00B3FBFA /* Info.plist */ = {isa = PBXFileReference; lastKnownFileType = text.plist.xml; path = Info.plist; sourceTree = "<group>"; };
		AE71BE051A1DFB1D00B3FBFA /* QueryCodeObjectiveTests.m */ = {isa = PBXFileReference; lastKnownFileType = sourcecode.c.objc; path = QueryCodeObjectiveTests.m; sourceTree = "<group>"; };
/* End PBXFileReference section */

/* Begin PBXFrameworksBuildPhase section */
		AE71BDE31A1DFB1D00B3FBFA /* Frameworks */ = {
			isa = PBXFrameworksBuildPhase;
			buildActionMask = 2147483647;
			files = (
			);
			runOnlyForDeploymentPostprocessing = 0;
		};
		AE71BDFC1A1DFB1D00B3FBFA /* Frameworks */ = {
			isa = PBXFrameworksBuildPhase;
			buildActionMask = 2147483647;
			files = (
			);
			runOnlyForDeploymentPostprocessing = 0;
		};
/* End PBXFrameworksBuildPhase section */

/* Begin PBXGroup section */
		AE71BDDD1A1DFB1D00B3FBFA = {
			isa = PBXGroup;
			children = (
				AE71BDE81A1DFB1D00B3FBFA /* QueryCodeObjective */,
				AE71BE021A1DFB1D00B3FBFA /* QueryCodeObjectiveTests */,
				AE71BDE71A1DFB1D00B3FBFA /* Products */,
			);
			sourceTree = "<group>";
		};
		AE71BDE71A1DFB1D00B3FBFA /* Products */ = {
			isa = PBXGroup;
			children = (
				AE71BDE61A1DFB1D00B3FBFA /* QueryCodeObjective.app */,
				AE71BDFF1A1DFB1D00B3FBFA /* QueryCodeObjectiveTests.xctest */,
			);
			name = Products;
			sourceTree = "<group>";
		};
		AE71BDE81A1DFB1D00B3FBFA /* QueryCodeObjective */ = {
			isa = PBXGroup;
			children = (
				AE71BDED1A1DFB1D00B3FBFA /* AppDelegate.h */,
				AE71BDEE1A1DFB1D00B3FBFA /* AppDelegate.m */,
				AE71BDF01A1DFB1D00B3FBFA /* ViewController.h */,
				AE71BDF11A1DFB1D00B3FBFA /* ViewController.m */,
				AE71BDF31A1DFB1D00B3FBFA /* Main.storyboard */,
				AE71BDF61A1DFB1D00B3FBFA /* Images.xcassets */,
				AE71BDF81A1DFB1D00B3FBFA /* LaunchScreen.xib */,
				AE71BDE91A1DFB1D00B3FBFA /* Supporting Files */,
			);
			path = QueryCodeObjective;
			sourceTree = "<group>";
		};
		AE71BDE91A1DFB1D00B3FBFA /* Supporting Files */ = {
			isa = PBXGroup;
			children = (
				AE71BDEA1A1DFB1D00B3FBFA /* Info.plist */,
				AE71BDEB1A1DFB1D00B3FBFA /* main.m */,
			);
			name = "Supporting Files";
			sourceTree = "<group>";
		};
		AE71BE021A1DFB1D00B3FBFA /* QueryCodeObjectiveTests */ = {
			isa = PBXGroup;
			children = (
				AE71BE051A1DFB1D00B3FBFA /* QueryCodeObjectiveTests.m */,
				AE71BE031A1DFB1D00B3FBFA /* Supporting Files */,
			);
			path = QueryCodeObjectiveTests;
			sourceTree = "<group>";
		};
		AE71BE031A1DFB1D00B3FBFA /* Supporting Files */ = {
			isa = PBXGroup;
			children = (
				AE71BE041A1DFB1D00B3FBFA /* Info.plist */,
			);
			name = "Supporting Files";
			sourceTree = "<group>";
		};
/* End PBXGroup section */

/* Begin PBXNativeTarget section */
		AE71BDE51A1DFB1D00B3FBFA /* QueryCodeObjective */ = {
			isa = PBXNativeTarget;
			buildConfigurationList = AE71BE091A1DFB1D00B3FBFA /* Build configuration list for PBXNativeTarget "QueryCodeObjective" */;
			buildPhases = (
				AE71BDE21A1DFB1D00B3FBFA /* Sources */,
				AE71BDE31A1DFB1D00B3FBFA /* Frameworks */,
				AE71BDE41A1DFB1D00B3FBFA /* Resources */,
			);
			buildRules = (
			);
			dependencies = (
			);
			name = QueryCodeObjective;
			productName = QueryCodeObjective;
			productReference = AE71BDE61A1DFB1D00B3FBFA /* QueryCodeObjective.app */;
			productType = "com.apple.product-type.application";
		};
		AE71BDFE1A1DFB1D00B3FBFA /* QueryCodeObjectiveTests */ = {
			isa = PBXNativeTarget;
			buildConfigurationList = AE71BE0C1A1DFB1D00B3FBFA /* Build configuration list for PBXNativeTarget "QueryCodeObjectiveTests" */;
			buildPhases = (
				AE71BDFB1A1DFB1D00B3FBFA /* Sources */,
				AE71BDFC1A1DFB1D00B3FBFA /* Frameworks */,
				AE71BDFD1A1DFB1D00B3FBFA /* Resources */,
			);
			buildRules = (
			);
			dependencies = (
				AE71BE011A1DFB1D00B3FBFA /* PBXTargetDependency */,
			);
			name = QueryCodeObjectiveTests;
			productName = QueryCodeObjectiveTests;
			productReference = AE71BDFF1A1DFB1D00B3FBFA /* QueryCodeObjectiveTests.xctest */;
			productType = "com.apple.product-type.bundle.unit-test";
		};
/* End PBXNativeTarget section */

/* Begin PBXProject section */
		AE71BDDE1A1DFB1D00B3FBFA /* Project object */ = {
			isa = PBXProject;
			attributes = {
				LastUpgradeCheck = 0610;
				ORGANIZATIONNAME = "Humberto Puccinelli";
				TargetAttributes = {
					AE71BDE51A1DFB1D00B3FBFA = {
						CreatedOnToolsVersion = 6.1;
					};
					AE71BDFE1A1DFB1D00B3FBFA = {
						CreatedOnToolsVersion = 6.1;
						TestTargetID = AE71BDE51A1DFB1D00B3FBFA;
					};
				};
			};
			buildConfigurationList = AE71BDE11A1DFB1D00B3FBFA /* Build configuration list for PBXProject "QueryCodeObjective" */;
			compatibilityVersion = "Xcode 3.2";
			developmentRegion = English;
			hasScannedForEncodings = 0;
			knownRegions = (
				en,
				Base,
			);
			mainGroup = AE71BDDD1A1DFB1D00B3FBFA;
			productRefGroup = AE71BDE71A1DFB1D00B3FBFA /* Products */;
			projectDirPath = "";
			projectRoot = "";
			targets = (
				AE71BDE51A1DFB1D00B3FBFA /* QueryCodeObjective */,
				AE71BDFE1A1DFB1D00B3FBFA /* QueryCodeObjectiveTests */,
			);
		};
/* End PBXProject section */

/* Begin PBXResourcesBuildPhase section */
		AE71BDE41A1DFB1D00B3FBFA /* Resources */ = {
			isa = PBXResourcesBuildPhase;
			buildActionMask = 2147483647;
			files = (
				AE71BDF51A1DFB1D00B3FBFA /* Main.storyboard in Resources */,
				AE71BDFA1A1DFB1D00B3FBFA /* LaunchScreen.xib in Resources */,
				AE71BDF71A1DFB1D00B3FBFA /* Images.xcassets in Resources */,
			);
			runOnlyForDeploymentPostprocessing = 0;
		};
		AE71BDFD1A1DFB1D00B3FBFA /* Resources */ = {
			isa = PBXResourcesBuildPhase;
			buildActionMask = 2147483647;
			files = (
			);
			runOnlyForDeploymentPostprocessing = 0;
		};
/* End PBXResourcesBuildPhase section */

/* Begin PBXSourcesBuildPhase section */
		AE71BDE21A1DFB1D00B3FBFA /* Sources */ = {
			isa = PBXSourcesBuildPhase;
			buildActionMask = 2147483647;
			files = (
				AE71BDF21A1DFB1D00B3FBFA /* ViewController.m in Sources */,
				AE71BDEF1A1DFB1D00B3FBFA /* AppDelegate.m in Sources */,
				AE71BDEC1A1DFB1D00B3FBFA /* main.m in Sources */,
			);
			runOnlyForDeploymentPostprocessing = 0;
		};
		AE71BDFB1A1DFB1D00B3FBFA /* Sources */ = {
			isa = PBXSourcesBuildPhase;
			buildActionMask = 2147483647;
			files = (
				AE71BE061A1DFB1D00B3FBFA /* QueryCodeObjectiveTests.m in Sources */,
			);
			runOnlyForDeploymentPostprocessing = 0;
		};
/* End PBXSourcesBuildPhase section */

/* Begin PBXTargetDependency section */
		AE71BE011A1DFB1D00B3FBFA /* PBXTargetDependency */ = {
			isa = PBXTargetDependency;
			target = AE71BDE51A1DFB1D00B3FBFA /* QueryCodeObjective */;
			targetProxy = AE71BE001A1DFB1D00B3FBFA /* PBXContainerItemProxy */;
		};
/* End PBXTargetDependency section */

/* Begin PBXVariantGroup section */
		AE71BDF31A1DFB1D00B3FBFA /* Main.storyboard */ = {
			isa = PBXVariantGroup;
			children = (
				AE71BDF41A1DFB1D00B3FBFA /* Base */,
			);
			name = Main.storyboard;
			sourceTree = "<group>";
		};
		AE71BDF81A1DFB1D00B3FBFA /* LaunchScreen.xib */ = {
			isa = PBXVariantGroup;
			children = (
				AE71BDF91A1DFB1D00B3FBFA /* Base */,
			);
			name = LaunchScreen.xib;
			sourceTree = "<group>";
		};
/* End PBXVariantGroup section */

/* Begin XCBuildConfiguration section */
		AE71BE071A1DFB1D00B3FBFA /* Debug */ = {
			isa = XCBuildConfiguration;
			buildSettings = {
				ALWAYS_SEARCH_USER_PATHS = NO;
				CLANG_CXX_LANGUAGE_STANDARD = "gnu++0x";
				CLANG_CXX_LIBRARY = "libc++";
				CLANG_ENABLE_MODULES = YES;
				CLANG_ENABLE_OBJC_ARC = YES;
				CLANG_WARN_BOOL_CONVERSION = YES;
				CLANG_WARN_CONSTANT_CONVERSION = YES;
				CLANG_WARN_DIRECT_OBJC_ISA_USAGE = YES_ERROR;
				CLANG_WARN_EMPTY_BODY = YES;
				CLANG_WARN_ENUM_CONVERSION = YES;
				CLANG_WARN_INT_CONVERSION = YES;
				CLANG_WARN_OBJC_ROOT_CLASS = YES_ERROR;
				CLANG_WARN_UNREACHABLE_CODE = YES;
				CLANG_WARN__DUPLICATE_METHOD_MATCH = YES;
				"CODE_SIGN_IDENTITY[sdk=iphoneos*]" = "iPhone Developer";
				COPY_PHASE_STRIP = NO;
				ENABLE_STRICT_OBJC_MSGSEND = YES;
				GCC_C_LANGUAGE_STANDARD = gnu99;
				GCC_DYNAMIC_NO_PIC = NO;
				GCC_OPTIMIZATION_LEVEL = 0;
				GCC_PREPROCESSOR_DEFINITIONS = (
					"DEBUG=1",
					"$(inherited)",
				);
				GCC_SYMBOLS_PRIVATE_EXTERN = NO;
				GCC_WARN_64_TO_32_BIT_CONVERSION = YES;
				GCC_WARN_ABOUT_RETURN_TYPE = YES_ERROR;
				GCC_WARN_UNDECLARED_SELECTOR = YES;
				GCC_WARN_UNINITIALIZED_AUTOS = YES_AGGRESSIVE;
				GCC_WARN_UNUSED_FUNCTION = YES;
				GCC_WARN_UNUSED_VARIABLE = YES;
				IPHONEOS_DEPLOYMENT_TARGET = 8.1;
				MTL_ENABLE_DEBUG_INFO = YES;
				ONLY_ACTIVE_ARCH = YES;
				SDKROOT = iphoneos;
			};
			name = Debug;
		};
		AE71BE081A1DFB1D00B3FBFA /* Release */ = {
			isa = XCBuildConfiguration;
			buildSettings = {
				ALWAYS_SEARCH_USER_PATHS = NO;
				CLANG_CXX_LANGUAGE_STANDARD = "gnu++0x";
				CLANG_CXX_LIBRARY = "libc++";
				CLANG_ENABLE_MODULES = YES;
				CLANG_ENABLE_OBJC_ARC = YES;
				CLANG_WARN_BOOL_CONVERSION = YES;
				CLANG_WARN_CONSTANT_CONVERSION = YES;
				CLANG_WARN_DIRECT_OBJC_ISA_USAGE = YES_ERROR;
				CLANG_WARN_EMPTY_BODY = YES;
				CLANG_WARN_ENUM_CONVERSION = YES;
				CLANG_WARN_INT_CONVERSION = YES;
				CLANG_WARN_OBJC_ROOT_CLASS = YES_ERROR;
				CLANG_WARN_UNREACHABLE_CODE = YES;
				CLANG_WARN__DUPLICATE_METHOD_MATCH = YES;
				"CODE_SIGN_IDENTITY[sdk=iphoneos*]" = "iPhone Developer";
				COPY_PHASE_STRIP = YES;
				ENABLE_NS_ASSERTIONS = NO;
				ENABLE_STRICT_OBJC_MSGSEND = YES;
				GCC_C_LANGUAGE_STANDARD = gnu99;
				GCC_WARN_64_TO_32_BIT_CONVERSION = YES;
				GCC_WARN_ABOUT_RETURN_TYPE = YES_ERROR;
				GCC_WARN_UNDECLARED_SELECTOR = YES;
				GCC_WARN_UNINITIALIZED_AUTOS = YES_AGGRESSIVE;
				GCC_WARN_UNUSED_FUNCTION = YES;
				GCC_WARN_UNUSED_VARIABLE = YES;
				IPHONEOS_DEPLOYMENT_TARGET = 8.1;
				MTL_ENABLE_DEBUG_INFO = NO;
				SDKROOT = iphoneos;
				VALIDATE_PRODUCT = YES;
			};
			name = Release;
		};
		AE71BE0A1A1DFB1D00B3FBFA /* Debug */ = {
			isa = XCBuildConfiguration;
			buildSettings = {
				ASSETCATALOG_COMPILER_APPICON_NAME = AppIcon;
				INFOPLIST_FILE = QueryCodeObjective/Info.plist;
				LD_RUNPATH_SEARCH_PATHS = "$(inherited) @executable_path/Frameworks";
				PRODUCT_NAME = "$(TARGET_NAME)";
			};
			name = Debug;
		};
		AE71BE0B1A1DFB1D00B3FBFA /* Release */ = {
			isa = XCBuildConfiguration;
			buildSettings = {
				ASSETCATALOG_COMPILER_APPICON_NAME = AppIcon;
				INFOPLIST_FILE = QueryCodeObjective/Info.plist;
				LD_RUNPATH_SEARCH_PATHS = "$(inherited) @executable_path/Frameworks";
				PRODUCT_NAME = "$(TARGET_NAME)";
			};
			name = Release;
		};
		AE71BE0D1A1DFB1D00B3FBFA /* Debug */ = {
			isa = XCBuildConfiguration;
			buildSettings = {
				BUNDLE_LOADER = "$(TEST_HOST)";
				FRAMEWORK_SEARCH_PATHS = (
					"$(SDKROOT)/Developer/Library/Frameworks",
					"$(inherited)",
				);
				GCC_PREPROCESSOR_DEFINITIONS = (
					"DEBUG=1",
					"$(inherited)",
				);
				INFOPLIST_FILE = QueryCodeObjectiveTests/Info.plist;
				LD_RUNPATH_SEARCH_PATHS = "$(inherited) @executable_path/Frameworks @loader_path/Frameworks";
				PRODUCT_NAME = "$(TARGET_NAME)";
				TEST_HOST = "$(BUILT_PRODUCTS_DIR)/QueryCodeObjective.app/QueryCodeObjective";
			};
			name = Debug;
		};
		AE71BE0E1A1DFB1D00B3FBFA /* Release */ = {
			isa = XCBuildConfiguration;
			buildSettings = {
				BUNDLE_LOADER = "$(TEST_HOST)";
				FRAMEWORK_SEARCH_PATHS = (
					"$(SDKROOT)/Developer/Library/Frameworks",
					"$(inherited)",
				);
				INFOPLIST_FILE = QueryCodeObjectiveTests/Info.plist;
				LD_RUNPATH_SEARCH_PATHS = "$(inherited) @executable_path/Frameworks @loader_path/Frameworks";
				PRODUCT_NAME = "$(TARGET_NAME)";
				TEST_HOST = "$(BUILT_PRODUCTS_DIR)/QueryCodeObjective.app/QueryCodeObjective";
			};
			name = Release;
		};
/* End XCBuildConfiguration section */

/* Begin XCConfigurationList section */
		AE71BDE11A1DFB1D00B3FBFA /* Build configuration list for PBXProject "QueryCodeObjective" */ = {
			isa = XCConfigurationList;
			buildConfigurations = (
				AE71BE071A1DFB1D00B3FBFA /* Debug */,
				AE71BE081A1DFB1D00B3FBFA /* Release */,
			);
			defaultConfigurationIsVisible = 0;
			defaultConfigurationName = Release;
		};
		AE71BE091A1DFB1D00B3FBFA /* Build configuration list for PBXNativeTarget "QueryCodeObjective" */ = {
			isa = XCConfigurationList;
			buildConfigurations = (
				AE71BE0A1A1DFB1D00B3FBFA /* Debug */,
				AE71BE0B1A1DFB1D00B3FBFA /* Release */,
			);
			defaultConfigurationIsVisible = 0;
		};
		AE71BE0C1A1DFB1D00B3FBFA /* Build configuration list for PBXNativeTarget "QueryCodeObjectiveTests" */ = {
			isa = XCConfigurationList;
			buildConfigurations = (
				AE71BE0D1A1DFB1D00B3FBFA /* Debug */,
				AE71BE0E1A1DFB1D00B3FBFA /* Release */,
			);
			defaultConfigurationIsVisible = 0;
		};
/* End XCConfigurationList section */
	};
	rootObject = AE71BDDE1A1DFB1D00B3FBFA /* Project object */;
}
